{
  "name": "npm-main",
  "version": "1.0.0",
  "lockfileVersion": 2,
  "requires": true,
  "packages": {
    "": {
      "version": "1.0.0",
      "license": "ISC",
      "dependencies": {
        "npm-hello-you": "^1.0.0"
      }
    },
    "node_modules/npm-hello-you": {
      "version": "1.0.0",
      "resolved": "https://registry.npmjs.org/npm-hello-you/-/npm-hello-you-1.0.0.tgz",
      "integrity": "sha512-nGMw5Y+e0hVdSPuIN+jSoEnzroeKPK+hIHoQkH420Xqphx8XgvMzvRcO5zrbsCSD2ntVlj2Uu19cwkwB8yEM5A=="
    }
  },
  "dependencies": {
    "npm-hello-you": {
      "version": "1.0.0",
      "resolved": "https://registry.npmjs.org/npm-hello-you/-/npm-hello-you-1.0.0.tgz",
      "integrity": "sha512-nGMw5Y+e0hVdSPuIN+jSoEnzroeKPK+hIHoQkH420Xqphx8XgvMzvRcO5zrbsCSD2ntVlj2Uu19cwkwB8yEM5A=="
    }
  }
}
